
Microsoft Visual Studio Solution File, Format Version 12.00
# Visual Studio 15
VisualStudioVersion = 15.0.27703.2000
MinimumVisualStudioVersion = 10.0.40219.1
Project("{FAE04EC0-301F-11D3-BF4B-00C04F79EFBC}") = "WebApplication1", "WebApplication1\WebApplication1.csproj", "{02DF9B1F-2957-4901-9221-EE8B420F27A5}"
EndProject
Global
	GlobalSection(SolutionConfigurationPlatforms) = preSolution
		Debug|Any CPU = Debug|Any CPU
		Release|Any CPU = Release|Any CPU
	EndGlobalSection
	GlobalSection(ProjectConfigurationPlatforms) = postSolution
		{02DF9B1F-2957-4901-9221-EE8B420F27A5}.Debug|Any CPU.ActiveCfg = Debug|Any CPU
		{02DF9B1F-2957-4901-9221-EE8B420F27A5}.Debug|Any CPU.Build.0 = Debug|Any CPU
		{02DF9B1F-2957-4901-9221-EE8B420F27A5}.Release|Any CPU.ActiveCfg = Release|Any CPU
		{02DF9B1F-2957-4901-9221-EE8B420F27A5}.Release|Any CPU.Build.0 = Release|Any CPU
	EndGlobalSection
	GlobalSection(SolutionProperties) = preSolution
		HideSolutionNode = FALSE
	EndGlobalSection
	GlobalSection(ExtensibilityGlobals) = postSolution
		SolutionGuid = {F0F35CAF-2E32-4F91-8685-38C27549BE20}
	EndGlobalSection
EndGlobal
