
Microsoft Visual Studio Solution File, Format Version 12.00
# Visual Studio 15
VisualStudioVersion = 15.0.27703.2000
MinimumVisualStudioVersion = 10.0.40219.1
Project("{FAE04EC0-301F-11D3-BF4B-00C04F79EFBC}") = "myFirstWebApp", "myFirstWebApp\myFirstWebApp.csproj", "{FFA179C4-7335-443A-B9C8-F21DA96753C0}"
EndProject
Global
	GlobalSection(SolutionConfigurationPlatforms) = preSolution
		Debug|Any CPU = Debug|Any CPU
		Release|Any CPU = Release|Any CPU
	EndGlobalSection
	GlobalSection(ProjectConfigurationPlatforms) = postSolution
		{FFA179C4-7335-443A-B9C8-F21DA96753C0}.Debug|Any CPU.ActiveCfg = Debug|Any CPU
		{FFA179C4-7335-443A-B9C8-F21DA96753C0}.Debug|Any CPU.Build.0 = Debug|Any CPU
		{FFA179C4-7335-443A-B9C8-F21DA96753C0}.Release|Any CPU.ActiveCfg = Release|Any CPU
		{FFA179C4-7335-443A-B9C8-F21DA96753C0}.Release|Any CPU.Build.0 = Release|Any CPU
	EndGlobalSection
	GlobalSection(SolutionProperties) = preSolution
		HideSolutionNode = FALSE
	EndGlobalSection
	GlobalSection(ExtensibilityGlobals) = postSolution
		SolutionGuid = {44143811-8F54-4437-87C2-0E59FFE9D766}
	EndGlobalSection
EndGlobal
