
Microsoft Visual Studio Solution File, Format Version 12.00
# Visual Studio 15
VisualStudioVersion = 15.0.27703.2000
MinimumVisualStudioVersion = 10.0.40219.1
Project("{FAE04EC0-301F-11D3-BF4B-00C04F79EFBC}") = "First-Papa-Alan-Pizza", "First-Papa-Alan-Pizza\First-Papa-Alan-Pizza.csproj", "{90F6F67D-804F-4070-8083-DCB8C47918B5}"
EndProject
Global
	GlobalSection(SolutionConfigurationPlatforms) = preSolution
		Debug|Any CPU = Debug|Any CPU
		Release|Any CPU = Release|Any CPU
	EndGlobalSection
	GlobalSection(ProjectConfigurationPlatforms) = postSolution
		{90F6F67D-804F-4070-8083-DCB8C47918B5}.Debug|Any CPU.ActiveCfg = Debug|Any CPU
		{90F6F67D-804F-4070-8083-DCB8C47918B5}.Debug|Any CPU.Build.0 = Debug|Any CPU
		{90F6F67D-804F-4070-8083-DCB8C47918B5}.Release|Any CPU.ActiveCfg = Release|Any CPU
		{90F6F67D-804F-4070-8083-DCB8C47918B5}.Release|Any CPU.Build.0 = Release|Any CPU
	EndGlobalSection
	GlobalSection(SolutionProperties) = preSolution
		HideSolutionNode = FALSE
	EndGlobalSection
	GlobalSection(ExtensibilityGlobals) = postSolution
		SolutionGuid = {2B9AF57B-D765-4613-9132-8E4882BE75DC}
	EndGlobalSection
EndGlobal
